
Microsoft Visual Studio Solution File, Format Version 12.00
# Visual Studio Version 16
VisualStudioVersion = 16.0.31624.102
MinimumVisualStudioVersion = 10.0.40219.1
Project("{9A19103F-16F7-4668-BE54-9A1E7A4F7556}") = "Lab0", "Lab0\Lab0.csproj", "{FEFD01DC-6FBE-4B4C-BEAF-5407A565EA99}"
EndProject
Project("{9A19103F-16F7-4668-BE54-9A1E7A4F7556}") = "Lab1", "Lab1\Lab1.csproj", "{11FF101A-16AC-4089-B5D9-89B55AACE49F}"
EndProject
Project("{9A19103F-16F7-4668-BE54-9A1E7A4F7556}") = "Lab2", "Lab2\Lab2.csproj", "{F3D6F2E1-5780-4D6D-8ACB-D91F7017BB13}"
EndProject
Project("{9A19103F-16F7-4668-BE54-9A1E7A4F7556}") = "Lab2_Tests", "Lab2_Tests\Lab2_Tests.csproj", "{48A76D54-D2E6-43BE-A3BF-F6239904FDF4}"
EndProject
Project("{9A19103F-16F7-4668-BE54-9A1E7A4F7556}") = "Lab 3", "Lab 3\Lab 3.csproj", "{053A4ADA-5B9E-443A-BBF1-E446BED6F622}"
EndProject
Project("{9A19103F-16F7-4668-BE54-9A1E7A4F7556}") = "Lab3_Tests", "Lab3_Tests\Lab3_Tests.csproj", "{EB420BA0-4AD0-46F2-A95F-FCC6484DD0C6}"
EndProject
Project("{9A19103F-16F7-4668-BE54-9A1E7A4F7556}") = "Lab4", "Lab4\Lab4.csproj", "{ED797D26-1408-49DF-96CF-2568A66A6FF6}"
EndProject
Project("{FAE04EC0-301F-11D3-BF4B-00C04F79EFBC}") = "Lab4_Tests", "Lab4_Tests\Lab4_Tests.csproj", "{A26CD817-D983-410E-B6B5-9F96B9F59B2A}"
EndProject
Global
	GlobalSection(SolutionConfigurationPlatforms) = preSolution
		Debug|Any CPU = Debug|Any CPU
		Release|Any CPU = Release|Any CPU
	EndGlobalSection
	GlobalSection(ProjectConfigurationPlatforms) = postSolution
		{FEFD01DC-6FBE-4B4C-BEAF-5407A565EA99}.Debug|Any CPU.ActiveCfg = Debug|Any CPU
		{FEFD01DC-6FBE-4B4C-BEAF-5407A565EA99}.Debug|Any CPU.Build.0 = Debug|Any CPU
		{FEFD01DC-6FBE-4B4C-BEAF-5407A565EA99}.Release|Any CPU.ActiveCfg = Release|Any CPU
		{FEFD01DC-6FBE-4B4C-BEAF-5407A565EA99}.Release|Any CPU.Build.0 = Release|Any CPU
		{11FF101A-16AC-4089-B5D9-89B55AACE49F}.Debug|Any CPU.ActiveCfg = Debug|Any CPU
		{11FF101A-16AC-4089-B5D9-89B55AACE49F}.Debug|Any CPU.Build.0 = Debug|Any CPU
		{11FF101A-16AC-4089-B5D9-89B55AACE49F}.Release|Any CPU.ActiveCfg = Release|Any CPU
		{11FF101A-16AC-4089-B5D9-89B55AACE49F}.Release|Any CPU.Build.0 = Release|Any CPU
		{F3D6F2E1-5780-4D6D-8ACB-D91F7017BB13}.Debug|Any CPU.ActiveCfg = Debug|Any CPU
		{F3D6F2E1-5780-4D6D-8ACB-D91F7017BB13}.Debug|Any CPU.Build.0 = Debug|Any CPU
		{F3D6F2E1-5780-4D6D-8ACB-D91F7017BB13}.Release|Any CPU.ActiveCfg = Release|Any CPU
		{F3D6F2E1-5780-4D6D-8ACB-D91F7017BB13}.Release|Any CPU.Build.0 = Release|Any CPU
		{48A76D54-D2E6-43BE-A3BF-F6239904FDF4}.Debug|Any CPU.ActiveCfg = Debug|Any CPU
		{48A76D54-D2E6-43BE-A3BF-F6239904FDF4}.Debug|Any CPU.Build.0 = Debug|Any CPU
		{48A76D54-D2E6-43BE-A3BF-F6239904FDF4}.Release|Any CPU.ActiveCfg = Release|Any CPU
		{48A76D54-D2E6-43BE-A3BF-F6239904FDF4}.Release|Any CPU.Build.0 = Release|Any CPU
		{053A4ADA-5B9E-443A-BBF1-E446BED6F622}.Debug|Any CPU.ActiveCfg = Debug|Any CPU
		{053A4ADA-5B9E-443A-BBF1-E446BED6F622}.Debug|Any CPU.Build.0 = Debug|Any CPU
		{053A4ADA-5B9E-443A-BBF1-E446BED6F622}.Release|Any CPU.ActiveCfg = Release|Any CPU
		{053A4ADA-5B9E-443A-BBF1-E446BED6F622}.Release|Any CPU.Build.0 = Release|Any CPU
		{EB420BA0-4AD0-46F2-A95F-FCC6484DD0C6}.Debug|Any CPU.ActiveCfg = Debug|Any CPU
		{EB420BA0-4AD0-46F2-A95F-FCC6484DD0C6}.Debug|Any CPU.Build.0 = Debug|Any CPU
		{EB420BA0-4AD0-46F2-A95F-FCC6484DD0C6}.Release|Any CPU.ActiveCfg = Release|Any CPU
		{EB420BA0-4AD0-46F2-A95F-FCC6484DD0C6}.Release|Any CPU.Build.0 = Release|Any CPU
		{ED797D26-1408-49DF-96CF-2568A66A6FF6}.Debug|Any CPU.ActiveCfg = Debug|Any CPU
		{ED797D26-1408-49DF-96CF-2568A66A6FF6}.Debug|Any CPU.Build.0 = Debug|Any CPU
		{ED797D26-1408-49DF-96CF-2568A66A6FF6}.Release|Any CPU.ActiveCfg = Release|Any CPU
		{ED797D26-1408-49DF-96CF-2568A66A6FF6}.Release|Any CPU.Build.0 = Release|Any CPU
		{A26CD817-D983-410E-B6B5-9F96B9F59B2A}.Debug|Any CPU.ActiveCfg = Debug|Any CPU
		{A26CD817-D983-410E-B6B5-9F96B9F59B2A}.Debug|Any CPU.Build.0 = Debug|Any CPU
		{A26CD817-D983-410E-B6B5-9F96B9F59B2A}.Release|Any CPU.ActiveCfg = Release|Any CPU
		{A26CD817-D983-410E-B6B5-9F96B9F59B2A}.Release|Any CPU.Build.0 = Release|Any CPU
	EndGlobalSection
	GlobalSection(SolutionProperties) = preSolution
		HideSolutionNode = FALSE
	EndGlobalSection
	GlobalSection(ExtensibilityGlobals) = postSolution
		SolutionGuid = {9AFE1093-1EA3-4EC0-8114-7305C3986361}
	EndGlobalSection
EndGlobal
